
Microsoft Visual Studio Solution File, Format Version 12.00
# Visual Studio Version 16
VisualStudioVersion = 16.0.31702.278
MinimumVisualStudioVersion = 10.0.40219.1
Project("{FAE04EC0-301F-11D3-BF4B-00C04F79EFBC}") = "Third Assignment.Android", "Third Assignment\Third Assignment.Android\Third Assignment.Android.csproj", "{00B67047-4D05-42B6-A705-746D4BA414D3}"
EndProject
Project("{FAE04EC0-301F-11D3-BF4B-00C04F79EFBC}") = "Third Assignment.iOS", "Third Assignment\Third Assignment.iOS\Third Assignment.iOS.csproj", "{3EA783B4-883F-4F4D-90DB-487AA9154D5A}"
EndProject
Project("{FAE04EC0-301F-11D3-BF4B-00C04F79EFBC}") = "Third Assignment", "Third Assignment\Third Assignment\Third Assignment.csproj", "{6F7B5CB8-8982-4A0E-8840-32A038523B55}"
EndProject
Global
	GlobalSection(SolutionConfigurationPlatforms) = preSolution
		Debug|Any CPU = Debug|Any CPU
		Debug|iPhone = Debug|iPhone
		Debug|iPhoneSimulator = Debug|iPhoneSimulator
		Release|Any CPU = Release|Any CPU
		Release|iPhone = Release|iPhone
		Release|iPhoneSimulator = Release|iPhoneSimulator
	EndGlobalSection
	GlobalSection(ProjectConfigurationPlatforms) = postSolution
		{00B67047-4D05-42B6-A705-746D4BA414D3}.Debug|Any CPU.ActiveCfg = Debug|Any CPU
		{00B67047-4D05-42B6-A705-746D4BA414D3}.Debug|Any CPU.Build.0 = Debug|Any CPU
		{00B67047-4D05-42B6-A705-746D4BA414D3}.Debug|Any CPU.Deploy.0 = Debug|Any CPU
		{00B67047-4D05-42B6-A705-746D4BA414D3}.Debug|iPhone.ActiveCfg = Debug|Any CPU
		{00B67047-4D05-42B6-A705-746D4BA414D3}.Debug|iPhone.Build.0 = Debug|Any CPU
		{00B67047-4D05-42B6-A705-746D4BA414D3}.Debug|iPhone.Deploy.0 = Debug|Any CPU
		{00B67047-4D05-42B6-A705-746D4BA414D3}.Debug|iPhoneSimulator.ActiveCfg = Debug|Any CPU
		{00B67047-4D05-42B6-A705-746D4BA414D3}.Debug|iPhoneSimulator.Build.0 = Debug|Any CPU
		{00B67047-4D05-42B6-A705-746D4BA414D3}.Debug|iPhoneSimulator.Deploy.0 = Debug|Any CPU
		{00B67047-4D05-42B6-A705-746D4BA414D3}.Release|Any CPU.ActiveCfg = Release|Any CPU
		{00B67047-4D05-42B6-A705-746D4BA414D3}.Release|Any CPU.Build.0 = Release|Any CPU
		{00B67047-4D05-42B6-A705-746D4BA414D3}.Release|Any CPU.Deploy.0 = Release|Any CPU
		{00B67047-4D05-42B6-A705-746D4BA414D3}.Release|iPhone.ActiveCfg = Release|Any CPU
		{00B67047-4D05-42B6-A705-746D4BA414D3}.Release|iPhone.Build.0 = Release|Any CPU
		{00B67047-4D05-42B6-A705-746D4BA414D3}.Release|iPhone.Deploy.0 = Release|Any CPU
		{00B67047-4D05-42B6-A705-746D4BA414D3}.Release|iPhoneSimulator.ActiveCfg = Release|Any CPU
		{00B67047-4D05-42B6-A705-746D4BA414D3}.Release|iPhoneSimulator.Build.0 = Release|Any CPU
		{00B67047-4D05-42B6-A705-746D4BA414D3}.Release|iPhoneSimulator.Deploy.0 = Release|Any CPU
		{3EA783B4-883F-4F4D-90DB-487AA9154D5A}.Debug|Any CPU.ActiveCfg = Debug|iPhone
		{3EA783B4-883F-4F4D-90DB-487AA9154D5A}.Debug|Any CPU.Build.0 = Debug|iPhone
		{3EA783B4-883F-4F4D-90DB-487AA9154D5A}.Debug|Any CPU.Deploy.0 = Debug|iPhone
		{3EA783B4-883F-4F4D-90DB-487AA9154D5A}.Debug|iPhone.ActiveCfg = Debug|iPhone
		{3EA783B4-883F-4F4D-90DB-487AA9154D5A}.Debug|iPhone.Build.0 = Debug|iPhone
		{3EA783B4-883F-4F4D-90DB-487AA9154D5A}.Debug|iPhone.Deploy.0 = Debug|iPhone
		{3EA783B4-883F-4F4D-90DB-487AA9154D5A}.Debug|iPhoneSimulator.ActiveCfg = Debug|iPhoneSimulator
		{3EA783B4-883F-4F4D-90DB-487AA9154D5A}.Debug|iPhoneSimulator.Build.0 = Debug|iPhoneSimulator
		{3EA783B4-883F-4F4D-90DB-487AA9154D5A}.Debug|iPhoneSimulator.Deploy.0 = Debug|iPhoneSimulator
		{3EA783B4-883F-4F4D-90DB-487AA9154D5A}.Release|Any CPU.ActiveCfg = Release|iPhoneSimulator
		{3EA783B4-883F-4F4D-90DB-487AA9154D5A}.Release|Any CPU.Build.0 = Release|iPhoneSimulator
		{3EA783B4-883F-4F4D-90DB-487AA9154D5A}.Release|Any CPU.Deploy.0 = Release|iPhoneSimulator
		{3EA783B4-883F-4F4D-90DB-487AA9154D5A}.Release|iPhone.ActiveCfg = Release|iPhone
		{3EA783B4-883F-4F4D-90DB-487AA9154D5A}.Release|iPhone.Build.0 = Release|iPhone
		{3EA783B4-883F-4F4D-90DB-487AA9154D5A}.Release|iPhone.Deploy.0 = Release|iPhone
		{3EA783B4-883F-4F4D-90DB-487AA9154D5A}.Release|iPhoneSimulator.ActiveCfg = Release|iPhoneSimulator
		{3EA783B4-883F-4F4D-90DB-487AA9154D5A}.Release|iPhoneSimulator.Build.0 = Release|iPhoneSimulator
		{3EA783B4-883F-4F4D-90DB-487AA9154D5A}.Release|iPhoneSimulator.Deploy.0 = Release|iPhoneSimulator
		{6F7B5CB8-8982-4A0E-8840-32A038523B55}.Debug|Any CPU.ActiveCfg = Debug|Any CPU
		{6F7B5CB8-8982-4A0E-8840-32A038523B55}.Debug|Any CPU.Build.0 = Debug|Any CPU
		{6F7B5CB8-8982-4A0E-8840-32A038523B55}.Debug|Any CPU.Deploy.0 = Debug|Any CPU
		{6F7B5CB8-8982-4A0E-8840-32A038523B55}.Debug|iPhone.ActiveCfg = Debug|Any CPU
		{6F7B5CB8-8982-4A0E-8840-32A038523B55}.Debug|iPhone.Build.0 = Debug|Any CPU
		{6F7B5CB8-8982-4A0E-8840-32A038523B55}.Debug|iPhone.Deploy.0 = Debug|Any CPU
		{6F7B5CB8-8982-4A0E-8840-32A038523B55}.Debug|iPhoneSimulator.ActiveCfg = Debug|Any CPU
		{6F7B5CB8-8982-4A0E-8840-32A038523B55}.Debug|iPhoneSimulator.Build.0 = Debug|Any CPU
		{6F7B5CB8-8982-4A0E-8840-32A038523B55}.Debug|iPhoneSimulator.Deploy.0 = Debug|Any CPU
		{6F7B5CB8-8982-4A0E-8840-32A038523B55}.Release|Any CPU.ActiveCfg = Release|Any CPU
		{6F7B5CB8-8982-4A0E-8840-32A038523B55}.Release|Any CPU.Build.0 = Release|Any CPU
		{6F7B5CB8-8982-4A0E-8840-32A038523B55}.Release|Any CPU.Deploy.0 = Release|Any CPU
		{6F7B5CB8-8982-4A0E-8840-32A038523B55}.Release|iPhone.ActiveCfg = Release|Any CPU
		{6F7B5CB8-8982-4A0E-8840-32A038523B55}.Release|iPhone.Build.0 = Release|Any CPU
		{6F7B5CB8-8982-4A0E-8840-32A038523B55}.Release|iPhone.Deploy.0 = Release|Any CPU
		{6F7B5CB8-8982-4A0E-8840-32A038523B55}.Release|iPhoneSimulator.ActiveCfg = Release|Any CPU
		{6F7B5CB8-8982-4A0E-8840-32A038523B55}.Release|iPhoneSimulator.Build.0 = Release|Any CPU
		{6F7B5CB8-8982-4A0E-8840-32A038523B55}.Release|iPhoneSimulator.Deploy.0 = Release|Any CPU
	EndGlobalSection
	GlobalSection(SolutionProperties) = preSolution
		HideSolutionNode = FALSE
	EndGlobalSection
	GlobalSection(ExtensibilityGlobals) = postSolution
		SolutionGuid = {1941A711-C352-4B09-968A-DD37425FD946}
	EndGlobalSection
EndGlobal
